
Microsoft Visual Studio Solution File, Format Version 12.00
# Visual Studio Version 16
VisualStudioVersion = 16.0.30611.23
MinimumVisualStudioVersion = 10.0.40219.1
Project("{9A19103F-16F7-4668-BE54-9A1E7A4F7556}") = "SportShop", "SportShop\SportShop.csproj", "{F9225412-A62A-475A-8AB3-EC17FD945EDB}"
EndProject
Global
	GlobalSection(SolutionConfigurationPlatforms) = preSolution
		Debug|Any CPU = Debug|Any CPU
		Release|Any CPU = Release|Any CPU
	EndGlobalSection
	GlobalSection(ProjectConfigurationPlatforms) = postSolution
		{F9225412-A62A-475A-8AB3-EC17FD945EDB}.Debug|Any CPU.ActiveCfg = Debug|Any CPU
		{F9225412-A62A-475A-8AB3-EC17FD945EDB}.Debug|Any CPU.Build.0 = Debug|Any CPU
		{F9225412-A62A-475A-8AB3-EC17FD945EDB}.Release|Any CPU.ActiveCfg = Release|Any CPU
		{F9225412-A62A-475A-8AB3-EC17FD945EDB}.Release|Any CPU.Build.0 = Release|Any CPU
	EndGlobalSection
	GlobalSection(SolutionProperties) = preSolution
		HideSolutionNode = FALSE
	EndGlobalSection
	GlobalSection(ExtensibilityGlobals) = postSolution
		SolutionGuid = {EF3E13A0-A080-4A99-8438-99B9E9282B10}
	EndGlobalSection
EndGlobal
